<Solution>
  <Project Path="../POS_5.2/MinApiBackend/Swagger/src/Org.OpenAPITools/Org.OpenAPITools.csproj" />
  <Project Path="MinApiWPF/MinApiWPF.csproj" Id="8315e9fe-297f-48d6-b94d-148effbf3412" />
  <Project Path="NorthwindMinApiMitWPF/MinApiBackend.csproj" />
  <Project Path="NORTHWNDDb/NORTHWNDDb.csproj" />
</Solution>
